
Microsoft Visual Studio Solution File, Format Version 12.00
# Visual Studio Version 17
VisualStudioVersion = 17.0.32112.339
MinimumVisualStudioVersion = 10.0.40219.1
Project("{FAE04EC0-301F-11D3-BF4B-00C04F79EFBC}") = "ToyRobot", "ToyRobot.csproj", "{6E165C7B-FC2D-4270-98E1-55E1FE4628C5}"
EndProject
Global
	GlobalSection(SolutionConfigurationPlatforms) = preSolution
		Debug|Any CPU = Debug|Any CPU
		Release|Any CPU = Release|Any CPU
	EndGlobalSection
	GlobalSection(ProjectConfigurationPlatforms) = postSolution
		{6E165C7B-FC2D-4270-98E1-55E1FE4628C5}.Debug|Any CPU.ActiveCfg = Debug|Any CPU
		{6E165C7B-FC2D-4270-98E1-55E1FE4628C5}.Debug|Any CPU.Build.0 = Debug|Any CPU
		{6E165C7B-FC2D-4270-98E1-55E1FE4628C5}.Release|Any CPU.ActiveCfg = Release|Any CPU
		{6E165C7B-FC2D-4270-98E1-55E1FE4628C5}.Release|Any CPU.Build.0 = Release|Any CPU
	EndGlobalSection
	GlobalSection(SolutionProperties) = preSolution
		HideSolutionNode = FALSE
	EndGlobalSection
	GlobalSection(ExtensibilityGlobals) = postSolution
		SolutionGuid = {EB6E677B-622B-4EB8-8AAE-C243A4A7C97F}
	EndGlobalSection
EndGlobal
